
Microsoft Visual Studio Solution File, Format Version 12.00
# Visual Studio 15
VisualStudioVersion = 15.0.26430.14
MinimumVisualStudioVersion = 10.0.40219.1
Project("{FAE04EC0-301F-11D3-BF4B-00C04F79EFBC}") = "Microsoft.Dynamics.CRM.Plugin.build", "Microsoft.Dynamics.CRM.Plugin.build.csproj", "{DC3CB822-8796-497E-9A36-7B5C703742FE}"
EndProject
Global
	GlobalSection(SolutionConfigurationPlatforms) = preSolution
		Debug|Any CPU = Debug|Any CPU
		Release|Any CPU = Release|Any CPU
	EndGlobalSection
	GlobalSection(ProjectConfigurationPlatforms) = postSolution
		{DC3CB822-8796-497E-9A36-7B5C703742FE}.Debug|Any CPU.ActiveCfg = Debug|Any CPU
		{DC3CB822-8796-497E-9A36-7B5C703742FE}.Debug|Any CPU.Build.0 = Debug|Any CPU
		{DC3CB822-8796-497E-9A36-7B5C703742FE}.Release|Any CPU.ActiveCfg = Release|Any CPU
		{DC3CB822-8796-497E-9A36-7B5C703742FE}.Release|Any CPU.Build.0 = Release|Any CPU
	EndGlobalSection
	GlobalSection(SolutionProperties) = preSolution
		HideSolutionNode = FALSE
	EndGlobalSection
EndGlobal
